
Microsoft Visual Studio Solution File, Format Version 12.00
# Visual Studio Version 16
VisualStudioVersion = 16.0.29728.190
MinimumVisualStudioVersion = 10.0.40219.1
Project("{8BC9CEB8-8B4A-11D0-8D11-00A0C91BC942}") = "PE", "PE\PE.vcxproj", "{47EE86F1-6D58-4D9F-B281-193289B30BE7}"
EndProject
Project("{8BC9CEB8-8B4A-11D0-8D11-00A0C91BC942}") = "PFG", "PFG\PFG.vcxproj", "{34C3FAE4-BC8F-4FB4-9A50-E8134DE5FC9F}"
EndProject
Global
	GlobalSection(SolutionConfigurationPlatforms) = preSolution
		Debug|x64 = Debug|x64
		Debug|x86 = Debug|x86
		Release|x64 = Release|x64
		Release|x86 = Release|x86
	EndGlobalSection
	GlobalSection(ProjectConfigurationPlatforms) = postSolution
		{47EE86F1-6D58-4D9F-B281-193289B30BE7}.Debug|x64.ActiveCfg = Debug|x64
		{47EE86F1-6D58-4D9F-B281-193289B30BE7}.Debug|x64.Build.0 = Debug|x64
		{47EE86F1-6D58-4D9F-B281-193289B30BE7}.Debug|x86.ActiveCfg = Debug|Win32
		{47EE86F1-6D58-4D9F-B281-193289B30BE7}.Debug|x86.Build.0 = Debug|Win32
		{47EE86F1-6D58-4D9F-B281-193289B30BE7}.Release|x64.ActiveCfg = Release|x64
		{47EE86F1-6D58-4D9F-B281-193289B30BE7}.Release|x64.Build.0 = Release|x64
		{47EE86F1-6D58-4D9F-B281-193289B30BE7}.Release|x86.ActiveCfg = Release|Win32
		{47EE86F1-6D58-4D9F-B281-193289B30BE7}.Release|x86.Build.0 = Release|Win32
		{34C3FAE4-BC8F-4FB4-9A50-E8134DE5FC9F}.Debug|x64.ActiveCfg = Debug|x64
		{34C3FAE4-BC8F-4FB4-9A50-E8134DE5FC9F}.Debug|x64.Build.0 = Debug|x64
		{34C3FAE4-BC8F-4FB4-9A50-E8134DE5FC9F}.Debug|x86.ActiveCfg = Debug|Win32
		{34C3FAE4-BC8F-4FB4-9A50-E8134DE5FC9F}.Debug|x86.Build.0 = Debug|Win32
		{34C3FAE4-BC8F-4FB4-9A50-E8134DE5FC9F}.Release|x64.ActiveCfg = Release|x64
		{34C3FAE4-BC8F-4FB4-9A50-E8134DE5FC9F}.Release|x64.Build.0 = Release|x64
		{34C3FAE4-BC8F-4FB4-9A50-E8134DE5FC9F}.Release|x86.ActiveCfg = Release|Win32
		{34C3FAE4-BC8F-4FB4-9A50-E8134DE5FC9F}.Release|x86.Build.0 = Release|Win32
	EndGlobalSection
	GlobalSection(SolutionProperties) = preSolution
		HideSolutionNode = FALSE
	EndGlobalSection
	GlobalSection(ExtensibilityGlobals) = postSolution
		SolutionGuid = {6193E856-934F-43EA-A3EC-6CB46A332B8E}
	EndGlobalSection
EndGlobal
